
Microsoft Visual Studio Solution File, Format Version 12.00
# Visual Studio Version 17
VisualStudioVersion = 17.8.34408.163
MinimumVisualStudioVersion = 10.0.40219.1
Project("{9A19103F-16F7-4668-BE54-9A1E7A4F7556}") = "DynamicRoleBasedAuthorization", "DynamicRoleBasedAuthorization.csproj", "{430C3445-1BAE-4C1C-9825-942FD9169A9D}"
EndProject
Global
	GlobalSection(SolutionConfigurationPlatforms) = preSolution
		Debug|Any CPU = Debug|Any CPU
		Release|Any CPU = Release|Any CPU
	EndGlobalSection
	GlobalSection(ProjectConfigurationPlatforms) = postSolution
		{430C3445-1BAE-4C1C-9825-942FD9169A9D}.Debug|Any CPU.ActiveCfg = Debug|Any CPU
		{430C3445-1BAE-4C1C-9825-942FD9169A9D}.Debug|Any CPU.Build.0 = Debug|Any CPU
		{430C3445-1BAE-4C1C-9825-942FD9169A9D}.Release|Any CPU.ActiveCfg = Release|Any CPU
		{430C3445-1BAE-4C1C-9825-942FD9169A9D}.Release|Any CPU.Build.0 = Release|Any CPU
	EndGlobalSection
	GlobalSection(SolutionProperties) = preSolution
		HideSolutionNode = FALSE
	EndGlobalSection
	GlobalSection(ExtensibilityGlobals) = postSolution
		SolutionGuid = {0C6CB58C-F89C-4836-A319-A88D5D686F52}
	EndGlobalSection
EndGlobal
